
Microsoft Visual Studio Solution File, Format Version 12.00
# Visual Studio 14
VisualStudioVersion = 14.0.23107.0
MinimumVisualStudioVersion = 10.0.40219.1
Project("{FAE04EC0-301F-11D3-BF4B-00C04F79EFBC}") = "SlideShareToBlog", "SlideShareToBlog\SlideShareToBlog.csproj", "{AD8ED434-3A4F-4043-BB3F-E7C27B1F5D5C}"
EndProject
Project("{FAE04EC0-301F-11D3-BF4B-00C04F79EFBC}") = "Innouvous.Utils.ResourceDictionaries", "..\..\..\Visual Studio 2013\Projects\Innouvous.Utils\Innouvous.Utils.ResourceDictionaries\Innouvous.Utils.ResourceDictionaries.csproj", "{8F93514E-288C-4852-ACC6-E6DFD2BC9407}"
EndProject
Project("{FAE04EC0-301F-11D3-BF4B-00C04F79EFBC}") = "Innouvous.Utils.Dialogs", "..\..\..\Visual Studio 2013\Projects\Innouvous.Utils\Innouvous.Utils.Dialogs\Innouvous.Utils.Dialogs.csproj", "{2B0E7F06-EDF2-4C54-A3BE-BD303186F9CB}"
EndProject
Project("{FAE04EC0-301F-11D3-BF4B-00C04F79EFBC}") = "Innouvous.Utils.MVVM", "..\..\..\Visual Studio 2013\Projects\Innouvous.Utils\Innouvous.Utils.MVVM\Innouvous.Utils.MVVM.csproj", "{B90D1BD6-DB68-416C-9150-BA4E3C73A3F2}"
EndProject
Project("{FAE04EC0-301F-11D3-BF4B-00C04F79EFBC}") = "Innouvous.Utils.MessageBoxFactory", "..\..\..\Visual Studio 2013\Projects\Innouvous.Utils\Innouvous.Utils.MessageBoxFactory\Innouvous.Utils.MessageBoxFactory.csproj", "{6BDDD1F2-3BC0-431D-923D-CE76681A3851}"
EndProject
Global
	GlobalSection(SolutionConfigurationPlatforms) = preSolution
		Debug|Any CPU = Debug|Any CPU
		Release|Any CPU = Release|Any CPU
	EndGlobalSection
	GlobalSection(ProjectConfigurationPlatforms) = postSolution
		{AD8ED434-3A4F-4043-BB3F-E7C27B1F5D5C}.Debug|Any CPU.ActiveCfg = Debug|Any CPU
		{AD8ED434-3A4F-4043-BB3F-E7C27B1F5D5C}.Debug|Any CPU.Build.0 = Debug|Any CPU
		{AD8ED434-3A4F-4043-BB3F-E7C27B1F5D5C}.Release|Any CPU.ActiveCfg = Release|Any CPU
		{AD8ED434-3A4F-4043-BB3F-E7C27B1F5D5C}.Release|Any CPU.Build.0 = Release|Any CPU
		{8F93514E-288C-4852-ACC6-E6DFD2BC9407}.Debug|Any CPU.ActiveCfg = Debug|Any CPU
		{8F93514E-288C-4852-ACC6-E6DFD2BC9407}.Debug|Any CPU.Build.0 = Debug|Any CPU
		{8F93514E-288C-4852-ACC6-E6DFD2BC9407}.Release|Any CPU.ActiveCfg = Release|Any CPU
		{8F93514E-288C-4852-ACC6-E6DFD2BC9407}.Release|Any CPU.Build.0 = Release|Any CPU
		{2B0E7F06-EDF2-4C54-A3BE-BD303186F9CB}.Debug|Any CPU.ActiveCfg = Debug|Any CPU
		{2B0E7F06-EDF2-4C54-A3BE-BD303186F9CB}.Debug|Any CPU.Build.0 = Debug|Any CPU
		{2B0E7F06-EDF2-4C54-A3BE-BD303186F9CB}.Release|Any CPU.ActiveCfg = Release|Any CPU
		{2B0E7F06-EDF2-4C54-A3BE-BD303186F9CB}.Release|Any CPU.Build.0 = Release|Any CPU
		{B90D1BD6-DB68-416C-9150-BA4E3C73A3F2}.Debug|Any CPU.ActiveCfg = Debug|Any CPU
		{B90D1BD6-DB68-416C-9150-BA4E3C73A3F2}.Debug|Any CPU.Build.0 = Debug|Any CPU
		{B90D1BD6-DB68-416C-9150-BA4E3C73A3F2}.Release|Any CPU.ActiveCfg = Release|Any CPU
		{B90D1BD6-DB68-416C-9150-BA4E3C73A3F2}.Release|Any CPU.Build.0 = Release|Any CPU
		{6BDDD1F2-3BC0-431D-923D-CE76681A3851}.Debug|Any CPU.ActiveCfg = Debug|Any CPU
		{6BDDD1F2-3BC0-431D-923D-CE76681A3851}.Debug|Any CPU.Build.0 = Debug|Any CPU
		{6BDDD1F2-3BC0-431D-923D-CE76681A3851}.Release|Any CPU.ActiveCfg = Release|Any CPU
		{6BDDD1F2-3BC0-431D-923D-CE76681A3851}.Release|Any CPU.Build.0 = Release|Any CPU
	EndGlobalSection
	GlobalSection(SolutionProperties) = preSolution
		HideSolutionNode = FALSE
	EndGlobalSection
EndGlobal
